
Microsoft Visual Studio Solution File, Format Version 11.00
# Visual Studio 2010
Project("{FAE04EC0-301F-11D3-BF4B-00C04F79EFBC}") = "TestApp", "TestApp\TestApp.csproj", "{7BE04A19-2EB9-45AA-BCED-00A0692234B1}"
EndProject
Global
	GlobalSection(SubversionScc) = preSolution
		Svn-Managed = True
		Manager = AnkhSVN - Subversion Support for Visual Studio
	EndGlobalSection
	GlobalSection(SolutionConfigurationPlatforms) = preSolution
		Debug|x86 = Debug|x86
		Release|x86 = Release|x86
	EndGlobalSection
	GlobalSection(ProjectConfigurationPlatforms) = postSolution
		{7BE04A19-2EB9-45AA-BCED-00A0692234B1}.Debug|x86.ActiveCfg = Debug|x86
		{7BE04A19-2EB9-45AA-BCED-00A0692234B1}.Debug|x86.Build.0 = Debug|x86
		{7BE04A19-2EB9-45AA-BCED-00A0692234B1}.Release|x86.ActiveCfg = Release|x86
		{7BE04A19-2EB9-45AA-BCED-00A0692234B1}.Release|x86.Build.0 = Release|x86
	EndGlobalSection
	GlobalSection(SolutionProperties) = preSolution
		HideSolutionNode = FALSE
	EndGlobalSection
EndGlobal
